
Microsoft Visual Studio Solution File, Format Version 12.00
# Visual Studio Version 16
VisualStudioVersion = 16.0.28922.388
MinimumVisualStudioVersion = 10.0.40219.1
Project("{9A19103F-16F7-4668-BE54-9A1E7A4F7556}") = "INTEREST.WEB", "INTEREST.WEB\INTEREST.WEB.csproj", "{D8EDBAE3-CA42-4A53-961B-21AE64BFAD66}"
EndProject
Project("{9A19103F-16F7-4668-BE54-9A1E7A4F7556}") = "INTEREST.DAL", "INTEREST.DAL\INTEREST.DAL.csproj", "{C3176FDC-3996-4ADB-B728-3F0279A8FD13}"
EndProject
Project("{9A19103F-16F7-4668-BE54-9A1E7A4F7556}") = "INTEREST.BLL", "INTEREST.BLL\INTEREST.BLL.csproj", "{76201D8C-DCF2-40D9-B807-1069B66E6D90}"
EndProject
Project("{FAE04EC0-301F-11D3-BF4B-00C04F79EFBC}") = "INTEREST.TESTS.BLL", "INTEREST.TESTS.BLL\INTEREST.TESTS.BLL.csproj", "{A1A00969-BAD1-4E90-8802-4D82EE543B33}"
EndProject
Global
	GlobalSection(SolutionConfigurationPlatforms) = preSolution
		Debug|Any CPU = Debug|Any CPU
		Release|Any CPU = Release|Any CPU
	EndGlobalSection
	GlobalSection(ProjectConfigurationPlatforms) = postSolution
		{D8EDBAE3-CA42-4A53-961B-21AE64BFAD66}.Debug|Any CPU.ActiveCfg = Debug|Any CPU
		{D8EDBAE3-CA42-4A53-961B-21AE64BFAD66}.Debug|Any CPU.Build.0 = Debug|Any CPU
		{D8EDBAE3-CA42-4A53-961B-21AE64BFAD66}.Release|Any CPU.ActiveCfg = Release|Any CPU
		{D8EDBAE3-CA42-4A53-961B-21AE64BFAD66}.Release|Any CPU.Build.0 = Release|Any CPU
		{C3176FDC-3996-4ADB-B728-3F0279A8FD13}.Debug|Any CPU.ActiveCfg = Debug|Any CPU
		{C3176FDC-3996-4ADB-B728-3F0279A8FD13}.Debug|Any CPU.Build.0 = Debug|Any CPU
		{C3176FDC-3996-4ADB-B728-3F0279A8FD13}.Release|Any CPU.ActiveCfg = Release|Any CPU
		{C3176FDC-3996-4ADB-B728-3F0279A8FD13}.Release|Any CPU.Build.0 = Release|Any CPU
		{76201D8C-DCF2-40D9-B807-1069B66E6D90}.Debug|Any CPU.ActiveCfg = Debug|Any CPU
		{76201D8C-DCF2-40D9-B807-1069B66E6D90}.Debug|Any CPU.Build.0 = Debug|Any CPU
		{76201D8C-DCF2-40D9-B807-1069B66E6D90}.Release|Any CPU.ActiveCfg = Release|Any CPU
		{76201D8C-DCF2-40D9-B807-1069B66E6D90}.Release|Any CPU.Build.0 = Release|Any CPU
		{A1A00969-BAD1-4E90-8802-4D82EE543B33}.Debug|Any CPU.ActiveCfg = Debug|Any CPU
		{A1A00969-BAD1-4E90-8802-4D82EE543B33}.Debug|Any CPU.Build.0 = Debug|Any CPU
		{A1A00969-BAD1-4E90-8802-4D82EE543B33}.Release|Any CPU.ActiveCfg = Release|Any CPU
		{A1A00969-BAD1-4E90-8802-4D82EE543B33}.Release|Any CPU.Build.0 = Release|Any CPU
	EndGlobalSection
	GlobalSection(SolutionProperties) = preSolution
		HideSolutionNode = FALSE
	EndGlobalSection
	GlobalSection(ExtensibilityGlobals) = postSolution
		SolutionGuid = {3C0E6C2C-F606-4597-A98D-0E48986031B4}
	EndGlobalSection
EndGlobal
